PODS:
  - Alamofire (5.2.0)
  - BRYXBanner (0.8.4)
  - IQKeyboardManagerSwift (6.5.5)
  - Parchment (2.3.0)
  - RxCocoa (5.1.1):
    - RxRelay (~> 5)
    - RxSwift (~> 5)
  - RxRelay (5.1.1):
    - RxSwift (~> 5)
  - RxSwift (5.1.1)
  - Spring (1.0.6)
  - SwiftValidator (4.0.0)
  - SwiftyBeaver (1.9.1)
  - SwiftyJSON (5.0.0)
  - SwiftyTimer (2.1.0)
  - VisualEffectView (4.0.2)

DEPENDENCIES:
  - Alamofire
  - BRYXBanner
  - IQKeyboardManagerSwift
  - Parchment
  - RxCocoa
  - RxSwift
  - Spring (from `https://github.com/MengTo/Spring.git`)
  - SwiftValidator (from `https://github.com/jpotts18/SwiftValidator.git`, tag `4.2.0`)
  - SwiftyBeaver
  - SwiftyJSON
  - SwiftyTimer
  - VisualEffectView

SPEC REPOS:
  trunk:
    - Alamofire
    - BRYXBanner
    - IQKeyboardManagerSwift
    - Parchment
    - RxCocoa
    - RxRelay
    - RxSwift
    - SwiftyBeaver
    - SwiftyJSON
    - SwiftyTimer
    - VisualEffectView

EXTERNAL SOURCES:
  Spring:
    :git: https://github.com/MengTo/Spring.git
  SwiftValidator:
    :git: https://github.com/jpotts18/SwiftValidator.git
    :tag: 4.2.0

CHECKOUT OPTIONS:
  Spring:
    :commit: 50d92a5b9e08848387ae95bf44c6ad20834f7083
    :git: https://github.com/MengTo/Spring.git
  SwiftValidator:
    :git: https://github.com/jpotts18/SwiftValidator.git
    :tag: 4.2.0

SPEC CHECKSUMS:
  Alamofire: c1ca147559e730bfb2182c8c7aafbdd90a867987
  BRYXBanner: 4fbd266f96ce000e4c6cc9a0558c446bd88d9801
  IQKeyboardManagerSwift: 0fb93310284665245591f50f7a5e38de615960b7
  Parchment: 72a7eb8072454a9500a53dd84776e04fba24e740
  RxCocoa: 32065309a38d29b5b0db858819b5bf9ef038b601
  RxRelay: d77f7d771495f43c556cbc43eebd1bb54d01e8e9
  RxSwift: 81470a2074fa8780320ea5fe4102807cb7118178
  Spring: 3d113f14575ef79aec9c5f906dfa4f5001c03254
  SwiftValidator: 249b6b3ae3b294266c5b9de134d94f18f2d5aa47
  SwiftyBeaver: a1f5691458561414bcfab51874b2b7445451602b
  SwiftyJSON: 36413e04c44ee145039d332b4f4e2d3e8d6c4db7
  SwiftyTimer: 02dd6cf10cbc71cbf67cec494f6e5eb782102543
  VisualEffectView: 8c05bdc77490d84aabfa9fd17b1ffd6476da0e2c

PODFILE CHECKSUM: 6f396c0504a9676c4c5f7533ad474534080fbaf0

COCOAPODS: 1.9.1
